// !$*UTF8*$!
{
	archiveVersion = 1;
	classes = {
	};
	objectVersion = 51;
	objects = {

/* Begin PBXBuildFile section */
		060FD96F2638ECC900606502 /* RegistrationViewController.swift in Sources */ = {isa = PBXBuildFile; fileRef = 060FD96E2638ECC900606502 /* RegistrationViewController.swift */; };
		060FD9722638ECDC00606502 /* LoginViewController.swift in Sources */ = {isa = PBXBuildFile; fileRef = 060FD9712638ECDC00606502 /* LoginViewController.swift */; };
		0620560A2642D3BC00A733F7 /* send.wav in Resources */ = {isa = PBXBuildFile; fileRef = 062056092642D3BC00A733F7 /* send.wav */; };
		06295145263BF40200504D32 /* MessageEntity.swift in Sources */ = {isa = PBXBuildFile; fileRef = 06295144263BF40200504D32 /* MessageEntity.swift */; };
		0629514A263BF70100504D32 /* MessageCell.swift in Sources */ = {isa = PBXBuildFile; fileRef = 06295148263BF70100504D32 /* MessageCell.swift */; };
		0629514B263BF70100504D32 /* MessageCell.xib in Resources */ = {isa = PBXBuildFile; fileRef = 06295149263BF70100504D32 /* MessageCell.xib */; };
		06674FD9263908B100CF8AF9 /* ChatViewController.swift in Sources */ = {isa = PBXBuildFile; fileRef = 06674FD8263908B000CF8AF9 /* ChatViewController.swift */; };
		06674FDC2639092800CF8AF9 /* GoogleService-Info.plist in Resources */ = {isa = PBXBuildFile; fileRef = 06674FDB2639092800CF8AF9 /* GoogleService-Info.plist */; };
		06DC60E2263864B200D85F44 /* AppDelegate.swift in Sources */ = {isa = PBXBuildFile; fileRef = 06DC60E1263864B200D85F44 /* AppDelegate.swift */; };
		06DC60E4263864B200D85F44 /* SceneDelegate.swift in Sources */ = {isa = PBXBuildFile; fileRef = 06DC60E3263864B200D85F44 /* SceneDelegate.swift */; };
		06DC60E6263864B200D85F44 /* ViewController.swift in Sources */ = {isa = PBXBuildFile; fileRef = 06DC60E5263864B200D85F44 /* ViewController.swift */; };
		06DC60E9263864B200D85F44 /* Main.storyboard in Resources */ = {isa = PBXBuildFile; fileRef = 06DC60E7263864B200D85F44 /* Main.storyboard */; };
		06DC60EB263864B500D85F44 /* Assets.xcassets in Resources */ = {isa = PBXBuildFile; fileRef = 06DC60EA263864B500D85F44 /* Assets.xcassets */; };
		06DC60EE263864B500D85F44 /* LaunchScreen.storyboard in Resources */ = {isa = PBXBuildFile; fileRef = 06DC60EC263864B500D85F44 /* LaunchScreen.storyboard */; };
		D7A8E8F2F2AEC77FAE41543F /* Pods_Chat_App.framework in Frameworks */ = {isa = PBXBuildFile; fileRef = A585C2C4408A23AD5AB3EF93 /* Pods_Chat_App.framework */; };
/* End PBXBuildFile section */

/* Begin PBXFileReference section */
		060FD96E2638ECC900606502 /* RegistrationViewController.swift */ = {isa = PBXFileReference; lastKnownFileType = sourcecode.swift; path = RegistrationViewController.swift; sourceTree = "<group>"; };
		060FD9712638ECDC00606502 /* LoginViewController.swift */ = {isa = PBXFileReference; lastKnownFileType = sourcecode.swift; path = LoginViewController.swift; sourceTree = "<group>"; };
		062056092642D3BC00A733F7 /* send.wav */ = {isa = PBXFileReference; lastKnownFileType = audio.wav; path = send.wav; sourceTree = "<group>"; };
		06295144263BF40200504D32 /* MessageEntity.swift */ = {isa = PBXFileReference; lastKnownFileType = sourcecode.swift; path = MessageEntity.swift; sourceTree = "<group>"; };
		06295148263BF70100504D32 /* MessageCell.swift */ = {isa = PBXFileReference; lastKnownFileType = sourcecode.swift; path = MessageCell.swift; sourceTree = "<group>"; };
		06295149263BF70100504D32 /* MessageCell.xib */ = {isa = PBXFileReference; lastKnownFileType = file.xib; path = MessageCell.xib; sourceTree = "<group>"; };
		06674FD8263908B000CF8AF9 /* ChatViewController.swift */ = {isa = PBXFileReference; lastKnownFileType = sourcecode.swift; path = ChatViewController.swift; sourceTree = "<group>"; };
		06674FDB2639092800CF8AF9 /* GoogleService-Info.plist */ = {isa = PBXFileReference; fileEncoding = 4; lastKnownFileType = text.plist.xml; path = "GoogleService-Info.plist"; sourceTree = "<group>"; };
		06DC60DE263864B200D85F44 /* Chat App.app */ = {isa = PBXFileReference; explicitFileType = wrapper.application; includeInIndex = 0; path = "Chat App.app"; sourceTree = BUILT_PRODUCTS_DIR; };
		06DC60E1263864B200D85F44 /* AppDelegate.swift */ = {isa = PBXFileReference; lastKnownFileType = sourcecode.swift; path = AppDelegate.swift; sourceTree = "<group>"; };
		06DC60E3263864B200D85F44 /* SceneDelegate.swift */ = {isa = PBXFileReference; lastKnownFileType = sourcecode.swift; path = SceneDelegate.swift; sourceTree = "<group>"; };
		06DC60E5263864B200D85F44 /* ViewController.swift */ = {isa = PBXFileReference; lastKnownFileType = sourcecode.swift; path = ViewController.swift; sourceTree = "<group>"; };
		06DC60E8263864B200D85F44 /* Base */ = {isa = PBXFileReference; lastKnownFileType = file.storyboard; name = Base; path = Base.lproj/Main.storyboard; sourceTree = "<group>"; };
		06DC60EA263864B500D85F44 /* Assets.xcassets */ = {isa = PBXFileReference; lastKnownFileType = folder.assetcatalog; path = Assets.xcassets; sourceTree = "<group>"; };
		06DC60ED263864B500D85F44 /* Base */ = {isa = PBXFileReference; lastKnownFileType = file.storyboard; name = Base; path = Base.lproj/LaunchScreen.storyboard; sourceTree = "<group>"; };
		06DC60EF263864B500D85F44 /* Info.plist */ = {isa = PBXFileReference; lastKnownFileType = text.plist.xml; path = Info.plist; sourceTree = "<group>"; };
		61D2B36EDC07AAF2AF50AB20 /* Pods-Chat App.release.xcconfig */ = {isa = PBXFileReference; includeInIndex = 1; lastKnownFileType = text.xcconfig; name = "Pods-Chat App.release.xcconfig"; path = "Target Support Files/Pods-Chat App/Pods-Chat App.release.xcconfig"; sourceTree = "<group>"; };
		7C29DF83BC266D5A5C3F07C2 /* Pods-Chat App.debug.xcconfig */ = {isa = PBXFileReference; includeInIndex = 1; lastKnownFileType = text.xcconfig; name = "Pods-Chat App.debug.xcconfig"; path = "Target Support Files/Pods-Chat App/Pods-Chat App.debug.xcconfig"; sourceTree = "<group>"; };
		A585C2C4408A23AD5AB3EF93 /* Pods_Chat_App.framework */ = {isa = PBXFileReference; explicitFileType = wrapper.framework; includeInIndex = 0; path = Pods_Chat_App.framework; sourceTree = BUILT_PRODUCTS_DIR; };
/* End PBXFileReference section */

/* Begin PBXFrameworksBuildPhase section */
		06DC60DB263864B200D85F44 /* Frameworks */ = {
			isa = PBXFrameworksBuildPhase;
			buildActionMask = 2147483647;
			files = (
				D7A8E8F2F2AEC77FAE41543F /* Pods_Chat_App.framework in Frameworks */,
			);
			runOnlyForDeploymentPostprocessing = 0;
		};
/* End PBXFrameworksBuildPhase section */

/* Begin PBXGroup section */
		06295147263BF6E600504D32 /* Cell */ = {
			isa = PBXGroup;
			children = (
				06295148263BF70100504D32 /* MessageCell.swift */,
				06295149263BF70100504D32 /* MessageCell.xib */,
			);
			path = Cell;
			sourceTree = "<group>";
		};
		06DC60D5263864B200D85F44 = {
			isa = PBXGroup;
			children = (
				06DC60E0263864B200D85F44 /* Chat App */,
				06DC60DF263864B200D85F44 /* Products */,
				14EA125972C37CCDABB43678 /* Pods */,
				8BD21A2489E10BDB7824179D /* Frameworks */,
			);
			sourceTree = "<group>";
		};
		06DC60DF263864B200D85F44 /* Products */ = {
			isa = PBXGroup;
			children = (
				06DC60DE263864B200D85F44 /* Chat App.app */,
			);
			name = Products;
			sourceTree = "<group>";
		};
		06DC60E0263864B200D85F44 /* Chat App */ = {
			isa = PBXGroup;
			children = (
				06DC60F9263864F500D85F44 /* Model */,
				06DC60F8263864ED00D85F44 /* Controller */,
				06DC60F7263864E100D85F44 /* View */,
				06DC60F6263864C500D85F44 /* Extra */,
				06DC60EF263864B500D85F44 /* Info.plist */,
				062056092642D3BC00A733F7 /* send.wav */,
				06674FDB2639092800CF8AF9 /* GoogleService-Info.plist */,
			);
			path = "Chat App";
			sourceTree = "<group>";
		};
		06DC60F6263864C500D85F44 /* Extra */ = {
			isa = PBXGroup;
			children = (
				06DC60E1263864B200D85F44 /* AppDelegate.swift */,
				06DC60E3263864B200D85F44 /* SceneDelegate.swift */,
				06DC60EA263864B500D85F44 /* Assets.xcassets */,
				06DC60EC263864B500D85F44 /* LaunchScreen.storyboard */,
			);
			path = Extra;
			sourceTree = "<group>";
		};
		06DC60F7263864E100D85F44 /* View */ = {
			isa = PBXGroup;
			children = (
				06295147263BF6E600504D32 /* Cell */,
				06DC60E7263864B200D85F44 /* Main.storyboard */,
			);
			path = View;
			sourceTree = "<group>";
		};
		06DC60F8263864ED00D85F44 /* Controller */ = {
			isa = PBXGroup;
			children = (
				06DC60E5263864B200D85F44 /* ViewController.swift */,
				060FD96E2638ECC900606502 /* RegistrationViewController.swift */,
				060FD9712638ECDC00606502 /* LoginViewController.swift */,
				06674FD8263908B000CF8AF9 /* ChatViewController.swift */,
			);
			path = Controller;
			sourceTree = "<group>";
		};
		06DC60F9263864F500D85F44 /* Model */ = {
			isa = PBXGroup;
			children = (
				06295144263BF40200504D32 /* MessageEntity.swift */,
			);
			name = Model;
			sourceTree = "<group>";
		};
		14EA125972C37CCDABB43678 /* Pods */ = {
			isa = PBXGroup;
			children = (
				7C29DF83BC266D5A5C3F07C2 /* Pods-Chat App.debug.xcconfig */,
				61D2B36EDC07AAF2AF50AB20 /* Pods-Chat App.release.xcconfig */,
			);
			path = Pods;
			sourceTree = "<group>";
		};
		8BD21A2489E10BDB7824179D /* Frameworks */ = {
			isa = PBXGroup;
			children = (
				A585C2C4408A23AD5AB3EF93 /* Pods_Chat_App.framework */,
			);
			name = Frameworks;
			sourceTree = "<group>";
		};
/* End PBXGroup section */

/* Begin PBXNativeTarget section */
		06DC60DD263864B200D85F44 /* Chat App */ = {
			isa = PBXNativeTarget;
			buildConfigurationList = 06DC60F2263864B500D85F44 /* Build configuration list for PBXNativeTarget "Chat App" */;
			buildPhases = (
				75A036C122741544FD144D56 /* [CP] Check Pods Manifest.lock */,
				06DC60DA263864B200D85F44 /* Sources */,
				06DC60DB263864B200D85F44 /* Frameworks */,
				06DC60DC263864B200D85F44 /* Resources */,
				EF1BF7ACE015292C7DFCBA35 /* [CP] Embed Pods Frameworks */,
			);
			buildRules = (
			);
			dependencies = (
			);
			name = "Chat App";
			productName = "Chat App";
			productReference = 06DC60DE263864B200D85F44 /* Chat App.app */;
			productType = "com.apple.product-type.application";
		};
/* End PBXNativeTarget section */

/* Begin PBXProject section */
		06DC60D6263864B200D85F44 /* Project object */ = {
			isa = PBXProject;
			attributes = {
				LastSwiftUpdateCheck = 1220;
				LastUpgradeCheck = 1220;
				TargetAttributes = {
					06DC60DD263864B200D85F44 = {
						CreatedOnToolsVersion = 12.2;
					};
				};
			};
			buildConfigurationList = 06DC60D9263864B200D85F44 /* Build configuration list for PBXProject "Chat App" */;
			compatibilityVersion = "Xcode 9.3";
			developmentRegion = en;
			hasScannedForEncodings = 0;
			knownRegions = (
				en,
				Base,
			);
			mainGroup = 06DC60D5263864B200D85F44;
			productRefGroup = 06DC60DF263864B200D85F44 /* Products */;
			projectDirPath = "";
			projectRoot = "";
			targets = (
				06DC60DD263864B200D85F44 /* Chat App */,
			);
		};
/* End PBXProject section */

/* Begin PBXResourcesBuildPhase section */
		06DC60DC263864B200D85F44 /* Resources */ = {
			isa = PBXResourcesBuildPhase;
			buildActionMask = 2147483647;
			files = (
				0620560A2642D3BC00A733F7 /* send.wav in Resources */,
				0629514B263BF70100504D32 /* MessageCell.xib in Resources */,
				06DC60EE263864B500D85F44 /* LaunchScreen.storyboard in Resources */,
				06674FDC2639092800CF8AF9 /* GoogleService-Info.plist in Resources */,
				06DC60EB263864B500D85F44 /* Assets.xcassets in Resources */,
				06DC60E9263864B200D85F44 /* Main.storyboard in Resources */,
			);
			runOnlyForDeploymentPostprocessing = 0;
		};
/* End PBXResourcesBuildPhase section */

/* Begin PBXShellScriptBuildPhase section */
		75A036C122741544FD144D56 /* [CP] Check Pods Manifest.lock */ = {
			isa = PBXShellScriptBuildPhase;
			buildActionMask = 2147483647;
			files = (
			);
			inputFileListPaths = (
			);
			inputPaths = (
				"${PODS_PODFILE_DIR_PATH}/Podfile.lock",
				"${PODS_ROOT}/Manifest.lock",
			);
			name = "[CP] Check Pods Manifest.lock";
			outputFileListPaths = (
			);
			outputPaths = (
				"$(DERIVED_FILE_DIR)/Pods-Chat App-checkManifestLockResult.txt",
			);
			runOnlyForDeploymentPostprocessing = 0;
			shellPath = /bin/sh;
			shellScript = "diff \"${PODS_PODFILE_DIR_PATH}/Podfile.lock\" \"${PODS_ROOT}/Manifest.lock\" > /dev/null\nif [ $? != 0 ] ; then\n    # print error to STDERR\n    echo \"error: The sandbox is not in sync with the Podfile.lock. Run 'pod install' or update your CocoaPods installation.\" >&2\n    exit 1\nfi\n# This output is used by Xcode 'outputs' to avoid re-running this script phase.\necho \"SUCCESS\" > \"${SCRIPT_OUTPUT_FILE_0}\"\n";
			showEnvVarsInLog = 0;
		};
		EF1BF7ACE015292C7DFCBA35 /* [CP] Embed Pods Frameworks */ = {
			isa = PBXShellScriptBuildPhase;
			buildActionMask = 2147483647;
			files = (
			);
			inputFileListPaths = (
				"${PODS_ROOT}/Target Support Files/Pods-Chat App/Pods-Chat App-frameworks-${CONFIGURATION}-input-files.xcfilelist",
			);
			name = "[CP] Embed Pods Frameworks";
			outputFileListPaths = (
				"${PODS_ROOT}/Target Support Files/Pods-Chat App/Pods-Chat App-frameworks-${CONFIGURATION}-output-files.xcfilelist",
			);
			runOnlyForDeploymentPostprocessing = 0;
			shellPath = /bin/sh;
			shellScript = "\"${PODS_ROOT}/Target Support Files/Pods-Chat App/Pods-Chat App-frameworks.sh\"\n";
			showEnvVarsInLog = 0;
		};
/* End PBXShellScriptBuildPhase section */

/* Begin PBXSourcesBuildPhase section */
		06DC60DA263864B200D85F44 /* Sources */ = {
			isa = PBXSourcesBuildPhase;
			buildActionMask = 2147483647;
			files = (
				06295145263BF40200504D32 /* MessageEntity.swift in Sources */,
				0629514A263BF70100504D32 /* MessageCell.swift in Sources */,
				06DC60E6263864B200D85F44 /* ViewController.swift in Sources */,
				06DC60E2263864B200D85F44 /* AppDelegate.swift in Sources */,
				060FD96F2638ECC900606502 /* RegistrationViewController.swift in Sources */,
				060FD9722638ECDC00606502 /* LoginViewController.swift in Sources */,
				06674FD9263908B100CF8AF9 /* ChatViewController.swift in Sources */,
				06DC60E4263864B200D85F44 /* SceneDelegate.swift in Sources */,
			);
			runOnlyForDeploymentPostprocessing = 0;
		};
/* End PBXSourcesBuildPhase section */

/* Begin PBXVariantGroup section */
		06DC60E7263864B200D85F44 /* Main.storyboard */ = {
			isa = PBXVariantGroup;
			children = (
				06DC60E8263864B200D85F44 /* Base */,
			);
			name = Main.storyboard;
			sourceTree = "<group>";
		};
		06DC60EC263864B500D85F44 /* LaunchScreen.storyboard */ = {
			isa = PBXVariantGroup;
			children = (
				06DC60ED263864B500D85F44 /* Base */,
			);
			name = LaunchScreen.storyboard;
			sourceTree = "<group>";
		};
/* End PBXVariantGroup section */

/* Begin XCBuildConfiguration section */
		06DC60F0263864B500D85F44 /* Debug */ = {
			isa = XCBuildConfiguration;
			buildSettings = {
				ALWAYS_SEARCH_USER_PATHS = NO;
				CLANG_ANALYZER_NONNULL = YES;
				CLANG_ANALYZER_NUMBER_OBJECT_CONVERSION = YES_AGGRESSIVE;
				CLANG_CXX_LANGUAGE_STANDARD = "gnu++14";
				CLANG_CXX_LIBRARY = "libc++";
				CLANG_ENABLE_MODULES = YES;
				CLANG_ENABLE_OBJC_ARC = YES;
				CLANG_ENABLE_OBJC_WEAK = YES;
				CLANG_WARN_BLOCK_CAPTURE_AUTORELEASING = YES;
				CLANG_WARN_BOOL_CONVERSION = YES;
				CLANG_WARN_COMMA = YES;
				CLANG_WARN_CONSTANT_CONVERSION = YES;
				CLANG_WARN_DEPRECATED_OBJC_IMPLEMENTATIONS = YES;
				CLANG_WARN_DIRECT_OBJC_ISA_USAGE = YES_ERROR;
				CLANG_WARN_DOCUMENTATION_COMMENTS = YES;
				CLANG_WARN_EMPTY_BODY = YES;
				CLANG_WARN_ENUM_CONVERSION = YES;
				CLANG_WARN_INFINITE_RECURSION = YES;
				CLANG_WARN_INT_CONVERSION = YES;
				CLANG_WARN_NON_LITERAL_NULL_CONVERSION = YES;
				CLANG_WARN_OBJC_IMPLICIT_RETAIN_SELF = YES;
				CLANG_WARN_OBJC_LITERAL_CONVERSION = YES;
				CLANG_WARN_OBJC_ROOT_CLASS = YES_ERROR;
				CLANG_WARN_QUOTED_INCLUDE_IN_FRAMEWORK_HEADER = YES;
				CLANG_WARN_RANGE_LOOP_ANALYSIS = YES;
				CLANG_WARN_STRICT_PROTOTYPES = YES;
				CLANG_WARN_SUSPICIOUS_MOVE = YES;
				CLANG_WARN_UNGUARDED_AVAILABILITY = YES_AGGRESSIVE;
				CLANG_WARN_UNREACHABLE_CODE = YES;
				CLANG_WARN__DUPLICATE_METHOD_MATCH = YES;
				COPY_PHASE_STRIP = NO;
				DEBUG_INFORMATION_FORMAT = dwarf;
				ENABLE_STRICT_OBJC_MSGSEND = YES;
				ENABLE_TESTABILITY = YES;
				GCC_C_LANGUAGE_STANDARD = gnu11;
				GCC_DYNAMIC_NO_PIC = NO;
				GCC_NO_COMMON_BLOCKS = YES;
				GCC_OPTIMIZATION_LEVEL = 0;
				GCC_PREPROCESSOR_DEFINITIONS = (
					"DEBUG=1",
					"$(inherited)",
				);
				GCC_WARN_64_TO_32_BIT_CONVERSION = YES;
				GCC_WARN_ABOUT_RETURN_TYPE = YES_ERROR;
				GCC_WARN_UNDECLARED_SELECTOR = YES;
				GCC_WARN_UNINITIALIZED_AUTOS = YES_AGGRESSIVE;
				GCC_WARN_UNUSED_FUNCTION = YES;
				GCC_WARN_UNUSED_VARIABLE = YES;
				IPHONEOS_DEPLOYMENT_TARGET = 14.2;
				MTL_ENABLE_DEBUG_INFO = INCLUDE_SOURCE;
				MTL_FAST_MATH = YES;
				ONLY_ACTIVE_ARCH = YES;
				SDKROOT = iphoneos;
				SWIFT_ACTIVE_COMPILATION_CONDITIONS = DEBUG;
				SWIFT_OPTIMIZATION_LEVEL = "-Onone";
			};
			name = Debug;
		};
		06DC60F1263864B500D85F44 /* Release */ = {
			isa = XCBuildConfiguration;
			buildSettings = {
				ALWAYS_SEARCH_USER_PATHS = NO;
				CLANG_ANALYZER_NONNULL = YES;
				CLANG_ANALYZER_NUMBER_OBJECT_CONVERSION = YES_AGGRESSIVE;
				CLANG_CXX_LANGUAGE_STANDARD = "gnu++14";
				CLANG_CXX_LIBRARY = "libc++";
				CLANG_ENABLE_MODULES = YES;
				CLANG_ENABLE_OBJC_ARC = YES;
				CLANG_ENABLE_OBJC_WEAK = YES;
				CLANG_WARN_BLOCK_CAPTURE_AUTORELEASING = YES;
				CLANG_WARN_BOOL_CONVERSION = YES;
				CLANG_WARN_COMMA = YES;
				CLANG_WARN_CONSTANT_CONVERSION = YES;
				CLANG_WARN_DEPRECATED_OBJC_IMPLEMENTATIONS = YES;
				CLANG_WARN_DIRECT_OBJC_ISA_USAGE = YES_ERROR;
				CLANG_WARN_DOCUMENTATION_COMMENTS = YES;
				CLANG_WARN_EMPTY_BODY = YES;
				CLANG_WARN_ENUM_CONVERSION = YES;
				CLANG_WARN_INFINITE_RECURSION = YES;
				CLANG_WARN_INT_CONVERSION = YES;
				CLANG_WARN_NON_LITERAL_NULL_CONVERSION = YES;
				CLANG_WARN_OBJC_IMPLICIT_RETAIN_SELF = YES;
				CLANG_WARN_OBJC_LITERAL_CONVERSION = YES;
				CLANG_WARN_OBJC_ROOT_CLASS = YES_ERROR;
				CLANG_WARN_QUOTED_INCLUDE_IN_FRAMEWORK_HEADER = YES;
				CLANG_WARN_RANGE_LOOP_ANALYSIS = YES;
				CLANG_WARN_STRICT_PROTOTYPES = YES;
				CLANG_WARN_SUSPICIOUS_MOVE = YES;
				CLANG_WARN_UNGUARDED_AVAILABILITY = YES_AGGRESSIVE;
				CLANG_WARN_UNREACHABLE_CODE = YES;
				CLANG_WARN__DUPLICATE_METHOD_MATCH = YES;
				COPY_PHASE_STRIP = NO;
				DEBUG_INFORMATION_FORMAT = "dwarf-with-dsym";
				ENABLE_NS_ASSERTIONS = NO;
				ENABLE_STRICT_OBJC_MSGSEND = YES;
				GCC_C_LANGUAGE_STANDARD = gnu11;
				GCC_NO_COMMON_BLOCKS = YES;
				GCC_WARN_64_TO_32_BIT_CONVERSION = YES;
				GCC_WARN_ABOUT_RETURN_TYPE = YES_ERROR;
				GCC_WARN_UNDECLARED_SELECTOR = YES;
				GCC_WARN_UNINITIALIZED_AUTOS = YES_AGGRESSIVE;
				GCC_WARN_UNUSED_FUNCTION = YES;
				GCC_WARN_UNUSED_VARIABLE = YES;
				IPHONEOS_DEPLOYMENT_TARGET = 14.2;
				MTL_ENABLE_DEBUG_INFO = NO;
				MTL_FAST_MATH = YES;
				SDKROOT = iphoneos;
				SWIFT_COMPILATION_MODE = wholemodule;
				SWIFT_OPTIMIZATION_LEVEL = "-O";
				VALIDATE_PRODUCT = YES;
			};
			name = Release;
		};
		06DC60F3263864B500D85F44 /* Debug */ = {
			isa = XCBuildConfiguration;
			baseConfigurationReference = 7C29DF83BC266D5A5C3F07C2 /* Pods-Chat App.debug.xcconfig */;
			buildSettings = {
				ASSETCATALOG_COMPILER_APPICON_NAME = AppIcon;
				ASSETCATALOG_COMPILER_GLOBAL_ACCENT_COLOR_NAME = AccentColor;
				CODE_SIGN_STYLE = Automatic;
				DEVELOPMENT_TEAM = HS4LF29CVW;
				INFOPLIST_FILE = "Chat App/Info.plist";
				LD_RUNPATH_SEARCH_PATHS = (
					"$(inherited)",
					"@executable_path/Frameworks",
				);
				PRODUCT_BUNDLE_IDENTIFIER = "yerkebulanice.Chat-App";
				PRODUCT_NAME = "$(TARGET_NAME)";
				SWIFT_VERSION = 5.0;
				TARGETED_DEVICE_FAMILY = "1,2";
			};
			name = Debug;
		};
		06DC60F4263864B500D85F44 /* Release */ = {
			isa = XCBuildConfiguration;
			baseConfigurationReference = 61D2B36EDC07AAF2AF50AB20 /* Pods-Chat App.release.xcconfig */;
			buildSettings = {
				ASSETCATALOG_COMPILER_APPICON_NAME = AppIcon;
				ASSETCATALOG_COMPILER_GLOBAL_ACCENT_COLOR_NAME = AccentColor;
				CODE_SIGN_STYLE = Automatic;
				DEVELOPMENT_TEAM = HS4LF29CVW;
				INFOPLIST_FILE = "Chat App/Info.plist";
				LD_RUNPATH_SEARCH_PATHS = (
					"$(inherited)",
					"@executable_path/Frameworks",
				);
				PRODUCT_BUNDLE_IDENTIFIER = "yerkebulanice.Chat-App";
				PRODUCT_NAME = "$(TARGET_NAME)";
				SWIFT_VERSION = 5.0;
				TARGETED_DEVICE_FAMILY = "1,2";
			};
			name = Release;
		};
/* End XCBuildConfiguration section */

/* Begin XCConfigurationList section */
		06DC60D9263864B200D85F44 /* Build configuration list for PBXProject "Chat App" */ = {
			isa = XCConfigurationList;
			buildConfigurations = (
				06DC60F0263864B500D85F44 /* Debug */,
				06DC60F1263864B500D85F44 /* Release */,
			);
			defaultConfigurationIsVisible = 0;
			defaultConfigurationName = Release;
		};
		06DC60F2263864B500D85F44 /* Build configuration list for PBXNativeTarget "Chat App" */ = {
			isa = XCConfigurationList;
			buildConfigurations = (
				06DC60F3263864B500D85F44 /* Debug */,
				06DC60F4263864B500D85F44 /* Release */,
			);
			defaultConfigurationIsVisible = 0;
			defaultConfigurationName = Release;
		};
/* End XCConfigurationList section */
	};
	rootObject = 06DC60D6263864B200D85F44 /* Project object */;
}
